
Microsoft Visual Studio Solution File, Format Version 12.00
# Visual Studio Version 17
VisualStudioVersion = 17.5.002.0
MinimumVisualStudioVersion = 10.0.40219.1
Project("{9A19103F-16F7-4668-BE54-9A1E7A4F7556}") = "FCA", "FCA\FCA.csproj", "{268BD04F-055E-43D9-9261-1B16295D4624}"
EndProject
Global
	GlobalSection(SolutionConfigurationPlatforms) = preSolution
		Debug|Any CPU = Debug|Any CPU
		Release|Any CPU = Release|Any CPU
	EndGlobalSection
	GlobalSection(ProjectConfigurationPlatforms) = postSolution
		{268BD04F-055E-43D9-9261-1B16295D4624}.Debug|Any CPU.ActiveCfg = Debug|Any CPU
		{268BD04F-055E-43D9-9261-1B16295D4624}.Debug|Any CPU.Build.0 = Debug|Any CPU
		{268BD04F-055E-43D9-9261-1B16295D4624}.Release|Any CPU.ActiveCfg = Release|Any CPU
		{268BD04F-055E-43D9-9261-1B16295D4624}.Release|Any CPU.Build.0 = Release|Any CPU
	EndGlobalSection
	GlobalSection(SolutionProperties) = preSolution
		HideSolutionNode = FALSE
	EndGlobalSection
	GlobalSection(ExtensibilityGlobals) = postSolution
		SolutionGuid = {DFA2FEB0-6076-444E-964D-4DFA4EF9F7DC}
	EndGlobalSection
EndGlobal
